<?xml version="1.0" encoding="utf-8"?>
<Project ToolsVersion="4.0" xmlns="http://schemas.microsoft.com/developer/msbuild/2003">
  <ItemGroup>
    <ClCompile Include="Bai_1.cpp" />
    <ClCompile Include="Bai_1_KeThua_Inheritance.cpp" />
    <ClCompile Include="Bai_1_DaHinh_PoLymorphism.cpp" />
  </ItemGroup>
</Project>