<?xml version="1.0" encoding="utf-8"?>
<Project ToolsVersion="4.0" xmlns="http://schemas.microsoft.com/developer/msbuild/2003">
  <ItemGroup>
    <ClCompile Include="Bai_1.cpp" />
    <ClCompile Include="Bai_1_KeThua_Inheritance.cpp" />
    <ClCompile Include="Bai_1_DaHinh_PoLymorphism.cpp" />
    <ClCompile Include="Bai_3_DacDiemLopCucBo_Local_Classed_04.cpp">
      <Filter>Local_Classes</Filter>
    </ClCompile>
    <ClCompile Include="Bai_3_DacDiemLopCucBo_Local_Classes_01.cpp">
      <Filter>Local_Classes</Filter>
    </ClCompile>
    <ClCompile Include="Bai_3_DacDiemLopCucBo_Local_Classes_02.cpp">
      <Filter>Local_Classes</Filter>
    </ClCompile>
    <ClCompile Include="Bai_3_DacDiemLopCucBo_Local_Classes_03.cpp">
      <Filter>Local_Classes</Filter>
    </ClCompile>
    <ClCompile Include="Bai_3_DacDiemLopCucBo_Local_Classes_05.cpp">
      <Filter>Local_Classes</Filter>
    </ClCompile>
    <ClCompile Include="Bai_3_LopCucBo_Local_Classes.cpp">
      <Filter>Local_Classes</Filter>
    </ClCompile>
    <ClCompile Include="Bai_4_EnumTruyenThong_Traditional_Enum.cpp">
      <Filter>Enum_Class_&amp;_Traditional_Enum</Filter>
    </ClCompile>
    <ClCompile Include="Bai_4_EnumTruyenThong_Traditional_Enum_01.cpp">
      <Filter>Enum_Class_&amp;_Traditional_Enum</Filter>
    </ClCompile>
    <ClCompile Include="Bai_4_EnumTruyenThong_Traditional_Enum_02.cpp">
      <Filter>Enum_Class_&amp;_Traditional_Enum</Filter>
    </ClCompile>
    <ClCompile Include="Bai_4_EnumTruyenThong_Traditional_Enum_03.cpp">
      <Filter>Enum_Class_&amp;_Traditional_Enum</Filter>
    </ClCompile>
    <ClCompile Include="Bai_4_LopEnum_Enum_Classcpp.cpp">
      <Filter>Enum_Class_&amp;_Traditional_Enum</Filter>
    </ClCompile>
    <ClCompile Include="Quick_Sort.cpp">
      <Filter>Algorithms\Sorting</Filter>
    </ClCompile>
  </ItemGroup>
  <ItemGroup>
    <Filter Include="Local_Classes">
      <UniqueIdentifier>{efd96731-b58e-46e6-8f49-07ca135096e6}</UniqueIdentifier>
    </Filter>
    <Filter Include="Enum_Class_&amp;_Traditional_Enum">
      <UniqueIdentifier>{6cffa85d-987b-4dc6-8875-233f08505bcd}</UniqueIdentifier>
    </Filter>
    <Filter Include="Algorithms">
      <UniqueIdentifier>{d31997f3-4ef6-4c59-9b24-7f8c5abcb236}</UniqueIdentifier>
    </Filter>
    <Filter Include="Algorithms\Sorting">
      <UniqueIdentifier>{85804e95-e4b6-4a59-82d0-a8dedbed7167}</UniqueIdentifier>
    </Filter>
  </ItemGroup>
</Project>